// !$*UTF8*$!
{
	archiveVersion = 1;
	classes = {
	};
	objectVersion = 48;
	objects = {

/* Begin PBXBuildFile section */
		5D0AE0DA1FCE5A85006BAAE4 /* UIView+Extension.swift in Sources */ = {isa = PBXBuildFile; fileRef = 5D0AE0D91FCE5A85006BAAE4 /* UIView+Extension.swift */; };
		5D0AE0DC1FCE61BA006BAAE4 /* BabyCustomPassWord.xib in Resources */ = {isa = PBXBuildFile; fileRef = 5DCC9EDC1FCE47620056C3C7 /* BabyCustomPassWord.xib */; };
		5DCC9EC51FCE45950056C3C7 /* AppDelegate.swift in Sources */ = {isa = PBXBuildFile; fileRef = 5DCC9EC41FCE45950056C3C7 /* AppDelegate.swift */; };
		5DCC9EC71FCE45950056C3C7 /* ViewController.swift in Sources */ = {isa = PBXBuildFile; fileRef = 5DCC9EC61FCE45950056C3C7 /* ViewController.swift */; };
		5DCC9ECA1FCE45950056C3C7 /* Main.storyboard in Resources */ = {isa = PBXBuildFile; fileRef = 5DCC9EC81FCE45950056C3C7 /* Main.storyboard */; };
		5DCC9ECC1FCE45950056C3C7 /* Assets.xcassets in Resources */ = {isa = PBXBuildFile; fileRef = 5DCC9ECB1FCE45950056C3C7 /* Assets.xcassets */; };
		5DCC9ECF1FCE45950056C3C7 /* LaunchScreen.storyboard in Resources */ = {isa = PBXBuildFile; fileRef = 5DCC9ECD1FCE45950056C3C7 /* LaunchScreen.storyboard */; };
		5DCC9EDB1FCE474A0056C3C7 /* BabyCustomPassWord.swift in Sources */ = {isa = PBXBuildFile; fileRef = 5DCC9EDA1FCE474A0056C3C7 /* BabyCustomPassWord.swift */; };
		66B90B7E327A0CD062EB1FBB /* Pods_BabyCustomEnterPassWord.framework in Frameworks */ = {isa = PBXBuildFile; fileRef = F63EB42851A299414F1E5C61 /* Pods_BabyCustomEnterPassWord.framework */; };
/* End PBXBuildFile section */

/* Begin PBXFileReference section */
		5D0AE0D91FCE5A85006BAAE4 /* UIView+Extension.swift */ = {isa = PBXFileReference; lastKnownFileType = sourcecode.swift; path = "UIView+Extension.swift"; sourceTree = "<group>"; };
		5DCC9EC11FCE45950056C3C7 /* BabyCustomEnterPassWord.app */ = {isa = PBXFileReference; explicitFileType = wrapper.application; includeInIndex = 0; path = BabyCustomEnterPassWord.app; sourceTree = BUILT_PRODUCTS_DIR; };
		5DCC9EC41FCE45950056C3C7 /* AppDelegate.swift */ = {isa = PBXFileReference; lastKnownFileType = sourcecode.swift; path = AppDelegate.swift; sourceTree = "<group>"; };
		5DCC9EC61FCE45950056C3C7 /* ViewController.swift */ = {isa = PBXFileReference; lastKnownFileType = sourcecode.swift; path = ViewController.swift; sourceTree = "<group>"; };
		5DCC9EC91FCE45950056C3C7 /* Base */ = {isa = PBXFileReference; lastKnownFileType = file.storyboard; name = Base; path = Base.lproj/Main.storyboard; sourceTree = "<group>"; };
		5DCC9ECB1FCE45950056C3C7 /* Assets.xcassets */ = {isa = PBXFileReference; lastKnownFileType = folder.assetcatalog; path = Assets.xcassets; sourceTree = "<group>"; };
		5DCC9ECE1FCE45950056C3C7 /* Base */ = {isa = PBXFileReference; lastKnownFileType = file.storyboard; name = Base; path = Base.lproj/LaunchScreen.storyboard; sourceTree = "<group>"; };
		5DCC9ED01FCE45950056C3C7 /* Info.plist */ = {isa = PBXFileReference; lastKnownFileType = text.plist.xml; path = Info.plist; sourceTree = "<group>"; };
		5DCC9EDA1FCE474A0056C3C7 /* BabyCustomPassWord.swift */ = {isa = PBXFileReference; lastKnownFileType = sourcecode.swift; path = BabyCustomPassWord.swift; sourceTree = "<group>"; };
		5DCC9EDC1FCE47620056C3C7 /* BabyCustomPassWord.xib */ = {isa = PBXFileReference; lastKnownFileType = file.xib; path = BabyCustomPassWord.xib; sourceTree = "<group>"; };
		813532C8136CFCA7F979CFBE /* Pods-BabyCustomEnterPassWord.release.xcconfig */ = {isa = PBXFileReference; includeInIndex = 1; lastKnownFileType = text.xcconfig; name = "Pods-BabyCustomEnterPassWord.release.xcconfig"; path = "Pods/Target Support Files/Pods-BabyCustomEnterPassWord/Pods-BabyCustomEnterPassWord.release.xcconfig"; sourceTree = "<group>"; };
		D9B4BCF11AAC4C7E9FB05E4D /* Pods-BabyCustomEnterPassWord.debug.xcconfig */ = {isa = PBXFileReference; includeInIndex = 1; lastKnownFileType = text.xcconfig; name = "Pods-BabyCustomEnterPassWord.debug.xcconfig"; path = "Pods/Target Support Files/Pods-BabyCustomEnterPassWord/Pods-BabyCustomEnterPassWord.debug.xcconfig"; sourceTree = "<group>"; };
		F63EB42851A299414F1E5C61 /* Pods_BabyCustomEnterPassWord.framework */ = {isa = PBXFileReference; explicitFileType = wrapper.framework; includeInIndex = 0; path = Pods_BabyCustomEnterPassWord.framework; sourceTree = BUILT_PRODUCTS_DIR; };
/* End PBXFileReference section */

/* Begin PBXFrameworksBuildPhase section */
		5DCC9EBE1FCE45950056C3C7 /* Frameworks */ = {
			isa = PBXFrameworksBuildPhase;
			buildActionMask = 2147483647;
			files = (
				66B90B7E327A0CD062EB1FBB /* Pods_BabyCustomEnterPassWord.framework in Frameworks */,
			);
			runOnlyForDeploymentPostprocessing = 0;
		};
/* End PBXFrameworksBuildPhase section */

/* Begin PBXGroup section */
		1ADA9D5840727A11AC538813 /* Pods */ = {
			isa = PBXGroup;
			children = (
				D9B4BCF11AAC4C7E9FB05E4D /* Pods-BabyCustomEnterPassWord.debug.xcconfig */,
				813532C8136CFCA7F979CFBE /* Pods-BabyCustomEnterPassWord.release.xcconfig */,
			);
			name = Pods;
			sourceTree = "<group>";
		};
		5D0AE0D61FCE595C006BAAE4 /* Extention */ = {
			isa = PBXGroup;
			children = (
				5D0AE0D91FCE5A85006BAAE4 /* UIView+Extension.swift */,
			);
			path = Extention;
			sourceTree = "<group>";
		};
		5DCC9EB81FCE45950056C3C7 = {
			isa = PBXGroup;
			children = (
				5DCC9EC31FCE45950056C3C7 /* BabyCustomEnterPassWord */,
				5DCC9EC21FCE45950056C3C7 /* Products */,
				1ADA9D5840727A11AC538813 /* Pods */,
				E7BC44D6E1B2F204F6949B6B /* Frameworks */,
			);
			sourceTree = "<group>";
		};
		5DCC9EC21FCE45950056C3C7 /* Products */ = {
			isa = PBXGroup;
			children = (
				5DCC9EC11FCE45950056C3C7 /* BabyCustomEnterPassWord.app */,
			);
			name = Products;
			sourceTree = "<group>";
		};
		5DCC9EC31FCE45950056C3C7 /* BabyCustomEnterPassWord */ = {
			isa = PBXGroup;
			children = (
				5D0AE0D61FCE595C006BAAE4 /* Extention */,
				5DCC9ED91FCE47170056C3C7 /* BabyCustomPW */,
				5DCC9ED61FCE45C90056C3C7 /* Main */,
				5DCC9EC61FCE45950056C3C7 /* ViewController.swift */,
			);
			path = BabyCustomEnterPassWord;
			sourceTree = "<group>";
		};
		5DCC9ED61FCE45C90056C3C7 /* Main */ = {
			isa = PBXGroup;
			children = (
				5DCC9ECB1FCE45950056C3C7 /* Assets.xcassets */,
				5DCC9EC81FCE45950056C3C7 /* Main.storyboard */,
				5DCC9EC41FCE45950056C3C7 /* AppDelegate.swift */,
				5DCC9ECD1FCE45950056C3C7 /* LaunchScreen.storyboard */,
				5DCC9ED01FCE45950056C3C7 /* Info.plist */,
			);
			path = Main;
			sourceTree = "<group>";
		};
		5DCC9ED91FCE47170056C3C7 /* BabyCustomPW */ = {
			isa = PBXGroup;
			children = (
				5DCC9EDA1FCE474A0056C3C7 /* BabyCustomPassWord.swift */,
				5DCC9EDC1FCE47620056C3C7 /* BabyCustomPassWord.xib */,
			);
			path = BabyCustomPW;
			sourceTree = "<group>";
		};
		E7BC44D6E1B2F204F6949B6B /* Frameworks */ = {
			isa = PBXGroup;
			children = (
				F63EB42851A299414F1E5C61 /* Pods_BabyCustomEnterPassWord.framework */,
			);
			name = Frameworks;
			sourceTree = "<group>";
		};
/* End PBXGroup section */

/* Begin PBXNativeTarget section */
		5DCC9EC01FCE45950056C3C7 /* BabyCustomEnterPassWord */ = {
			isa = PBXNativeTarget;
			buildConfigurationList = 5DCC9ED31FCE45950056C3C7 /* Build configuration list for PBXNativeTarget "BabyCustomEnterPassWord" */;
			buildPhases = (
				B912764B5A6AA31128FB460E /* [CP] Check Pods Manifest.lock */,
				5DCC9EBD1FCE45950056C3C7 /* Sources */,
				5DCC9EBE1FCE45950056C3C7 /* Frameworks */,
				5DCC9EBF1FCE45950056C3C7 /* Resources */,
				C13C2BF3ADC4B9256C054EDC /* [CP] Embed Pods Frameworks */,
				E7E0AE41E94D9672FECCDC00 /* [CP] Copy Pods Resources */,
			);
			buildRules = (
			);
			dependencies = (
			);
			name = BabyCustomEnterPassWord;
			productName = BabyCustomEnterPassWord;
			productReference = 5DCC9EC11FCE45950056C3C7 /* BabyCustomEnterPassWord.app */;
			productType = "com.apple.product-type.application";
		};
/* End PBXNativeTarget section */

/* Begin PBXProject section */
		5DCC9EB91FCE45950056C3C7 /* Project object */ = {
			isa = PBXProject;
			attributes = {
				LastSwiftUpdateCheck = 0910;
				LastUpgradeCheck = 0910;
				ORGANIZATIONNAME = "北鼻爽";
				TargetAttributes = {
					5DCC9EC01FCE45950056C3C7 = {
						CreatedOnToolsVersion = 9.1;
						ProvisioningStyle = Automatic;
					};
				};
			};
			buildConfigurationList = 5DCC9EBC1FCE45950056C3C7 /* Build configuration list for PBXProject "BabyCustomEnterPassWord" */;
			compatibilityVersion = "Xcode 8.0";
			developmentRegion = en;
			hasScannedForEncodings = 0;
			knownRegions = (
				en,
				Base,
			);
			mainGroup = 5DCC9EB81FCE45950056C3C7;
			productRefGroup = 5DCC9EC21FCE45950056C3C7 /* Products */;
			projectDirPath = "";
			projectRoot = "";
			targets = (
				5DCC9EC01FCE45950056C3C7 /* BabyCustomEnterPassWord */,
			);
		};
/* End PBXProject section */

/* Begin PBXResourcesBuildPhase section */
		5DCC9EBF1FCE45950056C3C7 /* Resources */ = {
			isa = PBXResourcesBuildPhase;
			buildActionMask = 2147483647;
			files = (
				5DCC9ECF1FCE45950056C3C7 /* LaunchScreen.storyboard in Resources */,
				5DCC9ECC1FCE45950056C3C7 /* Assets.xcassets in Resources */,
				5DCC9ECA1FCE45950056C3C7 /* Main.storyboard in Resources */,
				5D0AE0DC1FCE61BA006BAAE4 /* BabyCustomPassWord.xib in Resources */,
			);
			runOnlyForDeploymentPostprocessing = 0;
		};
/* End PBXResourcesBuildPhase section */

/* Begin PBXShellScriptBuildPhase section */
		B912764B5A6AA31128FB460E /* [CP] Check Pods Manifest.lock */ = {
			isa = PBXShellScriptBuildPhase;
			buildActionMask = 2147483647;
			files = (
			);
			inputPaths = (
				"${PODS_PODFILE_DIR_PATH}/Podfile.lock",
				"${PODS_ROOT}/Manifest.lock",
			);
			name = "[CP] Check Pods Manifest.lock";
			outputPaths = (
				"$(DERIVED_FILE_DIR)/Pods-BabyCustomEnterPassWord-checkManifestLockResult.txt",
			);
			runOnlyForDeploymentPostprocessing = 0;
			shellPath = /bin/sh;
			shellScript = "diff \"${PODS_PODFILE_DIR_PATH}/Podfile.lock\" \"${PODS_ROOT}/Manifest.lock\" > /dev/null\nif [ $? != 0 ] ; then\n    # print error to STDERR\n    echo \"error: The sandbox is not in sync with the Podfile.lock. Run 'pod install' or update your CocoaPods installation.\" >&2\n    exit 1\nfi\n# This output is used by Xcode 'outputs' to avoid re-running this script phase.\necho \"SUCCESS\" > \"${SCRIPT_OUTPUT_FILE_0}\"\n";
			showEnvVarsInLog = 0;
		};
		C13C2BF3ADC4B9256C054EDC /* [CP] Embed Pods Frameworks */ = {
			isa = PBXShellScriptBuildPhase;
			buildActionMask = 2147483647;
			files = (
			);
			inputPaths = (
				"${SRCROOT}/Pods/Target Support Files/Pods-BabyCustomEnterPassWord/Pods-BabyCustomEnterPassWord-frameworks.sh",
				"${BUILT_PRODUCTS_DIR}/SVProgressHUD/SVProgressHUD.framework",
			);
			name = "[CP] Embed Pods Frameworks";
			outputPaths = (
				"${TARGET_BUILD_DIR}/${FRAMEWORKS_FOLDER_PATH}/SVProgressHUD.framework",
			);
			runOnlyForDeploymentPostprocessing = 0;
			shellPath = /bin/sh;
			shellScript = "\"${SRCROOT}/Pods/Target Support Files/Pods-BabyCustomEnterPassWord/Pods-BabyCustomEnterPassWord-frameworks.sh\"\n";
			showEnvVarsInLog = 0;
		};
		E7E0AE41E94D9672FECCDC00 /* [CP] Copy Pods Resources */ = {
			isa = PBXShellScriptBuildPhase;
			buildActionMask = 2147483647;
			files = (
			);
			inputPaths = (
			);
			name = "[CP] Copy Pods Resources";
			outputPaths = (
			);
			runOnlyForDeploymentPostprocessing = 0;
			shellPath = /bin/sh;
			shellScript = "\"${SRCROOT}/Pods/Target Support Files/Pods-BabyCustomEnterPassWord/Pods-BabyCustomEnterPassWord-resources.sh\"\n";
			showEnvVarsInLog = 0;
		};
/* End PBXShellScriptBuildPhase section */

/* Begin PBXSourcesBuildPhase section */
		5DCC9EBD1FCE45950056C3C7 /* Sources */ = {
			isa = PBXSourcesBuildPhase;
			buildActionMask = 2147483647;
			files = (
				5DCC9EC71FCE45950056C3C7 /* ViewController.swift in Sources */,
				5DCC9EC51FCE45950056C3C7 /* AppDelegate.swift in Sources */,
				5D0AE0DA1FCE5A85006BAAE4 /* UIView+Extension.swift in Sources */,
				5DCC9EDB1FCE474A0056C3C7 /* BabyCustomPassWord.swift in Sources */,
			);
			runOnlyForDeploymentPostprocessing = 0;
		};
/* End PBXSourcesBuildPhase section */

/* Begin PBXVariantGroup section */
		5DCC9EC81FCE45950056C3C7 /* Main.storyboard */ = {
			isa = PBXVariantGroup;
			children = (
				5DCC9EC91FCE45950056C3C7 /* Base */,
			);
			name = Main.storyboard;
			sourceTree = "<group>";
		};
		5DCC9ECD1FCE45950056C3C7 /* LaunchScreen.storyboard */ = {
			isa = PBXVariantGroup;
			children = (
				5DCC9ECE1FCE45950056C3C7 /* Base */,
			);
			name = LaunchScreen.storyboard;
			sourceTree = "<group>";
		};
/* End PBXVariantGroup section */

/* Begin XCBuildConfiguration section */
		5DCC9ED11FCE45950056C3C7 /* Debug */ = {
			isa = XCBuildConfiguration;
			buildSettings = {
				ALWAYS_SEARCH_USER_PATHS = NO;
				CLANG_ANALYZER_NONNULL = YES;
				CLANG_ANALYZER_NUMBER_OBJECT_CONVERSION = YES_AGGRESSIVE;
				CLANG_CXX_LANGUAGE_STANDARD = "gnu++14";
				CLANG_CXX_LIBRARY = "libc++";
				CLANG_ENABLE_MODULES = YES;
				CLANG_ENABLE_OBJC_ARC = YES;
				CLANG_WARN_BLOCK_CAPTURE_AUTORELEASING = YES;
				CLANG_WARN_BOOL_CONVERSION = YES;
				CLANG_WARN_COMMA = YES;
				CLANG_WARN_CONSTANT_CONVERSION = YES;
				CLANG_WARN_DIRECT_OBJC_ISA_USAGE = YES_ERROR;
				CLANG_WARN_DOCUMENTATION_COMMENTS = YES;
				CLANG_WARN_EMPTY_BODY = YES;
				CLANG_WARN_ENUM_CONVERSION = YES;
				CLANG_WARN_INFINITE_RECURSION = YES;
				CLANG_WARN_INT_CONVERSION = YES;
				CLANG_WARN_NON_LITERAL_NULL_CONVERSION = YES;
				CLANG_WARN_OBJC_LITERAL_CONVERSION = YES;
				CLANG_WARN_OBJC_ROOT_CLASS = YES_ERROR;
				CLANG_WARN_RANGE_LOOP_ANALYSIS = YES;
				CLANG_WARN_STRICT_PROTOTYPES = YES;
				CLANG_WARN_SUSPICIOUS_MOVE = YES;
				CLANG_WARN_UNGUARDED_AVAILABILITY = YES_AGGRESSIVE;
				CLANG_WARN_UNREACHABLE_CODE = YES;
				CLANG_WARN__DUPLICATE_METHOD_MATCH = YES;
				CODE_SIGN_IDENTITY = "iPhone Developer";
				COPY_PHASE_STRIP = NO;
				DEBUG_INFORMATION_FORMAT = dwarf;
				ENABLE_STRICT_OBJC_MSGSEND = YES;
				ENABLE_TESTABILITY = YES;
				GCC_C_LANGUAGE_STANDARD = gnu11;
				GCC_DYNAMIC_NO_PIC = NO;
				GCC_NO_COMMON_BLOCKS = YES;
				GCC_OPTIMIZATION_LEVEL = 0;
				GCC_PREPROCESSOR_DEFINITIONS = (
					"DEBUG=1",
					"$(inherited)",
				);
				GCC_WARN_64_TO_32_BIT_CONVERSION = YES;
				GCC_WARN_ABOUT_RETURN_TYPE = YES_ERROR;
				GCC_WARN_UNDECLARED_SELECTOR = YES;
				GCC_WARN_UNINITIALIZED_AUTOS = YES_AGGRESSIVE;
				GCC_WARN_UNUSED_FUNCTION = YES;
				GCC_WARN_UNUSED_VARIABLE = YES;
				IPHONEOS_DEPLOYMENT_TARGET = 11.1;
				MTL_ENABLE_DEBUG_INFO = YES;
				ONLY_ACTIVE_ARCH = YES;
				SDKROOT = iphoneos;
				SWIFT_ACTIVE_COMPILATION_CONDITIONS = DEBUG;
				SWIFT_OPTIMIZATION_LEVEL = "-Onone";
			};
			name = Debug;
		};
		5DCC9ED21FCE45950056C3C7 /* Release */ = {
			isa = XCBuildConfiguration;
			buildSettings = {
				ALWAYS_SEARCH_USER_PATHS = NO;
				CLANG_ANALYZER_NONNULL = YES;
				CLANG_ANALYZER_NUMBER_OBJECT_CONVERSION = YES_AGGRESSIVE;
				CLANG_CXX_LANGUAGE_STANDARD = "gnu++14";
				CLANG_CXX_LIBRARY = "libc++";
				CLANG_ENABLE_MODULES = YES;
				CLANG_ENABLE_OBJC_ARC = YES;
				CLANG_WARN_BLOCK_CAPTURE_AUTORELEASING = YES;
				CLANG_WARN_BOOL_CONVERSION = YES;
				CLANG_WARN_COMMA = YES;
				CLANG_WARN_CONSTANT_CONVERSION = YES;
				CLANG_WARN_DIRECT_OBJC_ISA_USAGE = YES_ERROR;
				CLANG_WARN_DOCUMENTATION_COMMENTS = YES;
				CLANG_WARN_EMPTY_BODY = YES;
				CLANG_WARN_ENUM_CONVERSION = YES;
				CLANG_WARN_INFINITE_RECURSION = YES;
				CLANG_WARN_INT_CONVERSION = YES;
				CLANG_WARN_NON_LITERAL_NULL_CONVERSION = YES;
				CLANG_WARN_OBJC_LITERAL_CONVERSION = YES;
				CLANG_WARN_OBJC_ROOT_CLASS = YES_ERROR;
				CLANG_WARN_RANGE_LOOP_ANALYSIS = YES;
				CLANG_WARN_STRICT_PROTOTYPES = YES;
				CLANG_WARN_SUSPICIOUS_MOVE = YES;
				CLANG_WARN_UNGUARDED_AVAILABILITY = YES_AGGRESSIVE;
				CLANG_WARN_UNREACHABLE_CODE = YES;
				CLANG_WARN__DUPLICATE_METHOD_MATCH = YES;
				CODE_SIGN_IDENTITY = "iPhone Developer";
				COPY_PHASE_STRIP = NO;
				DEBUG_INFORMATION_FORMAT = "dwarf-with-dsym";
				ENABLE_NS_ASSERTIONS = NO;
				ENABLE_STRICT_OBJC_MSGSEND = YES;
				GCC_C_LANGUAGE_STANDARD = gnu11;
				GCC_NO_COMMON_BLOCKS = YES;
				GCC_WARN_64_TO_32_BIT_CONVERSION = YES;
				GCC_WARN_ABOUT_RETURN_TYPE = YES_ERROR;
				GCC_WARN_UNDECLARED_SELECTOR = YES;
				GCC_WARN_UNINITIALIZED_AUTOS = YES_AGGRESSIVE;
				GCC_WARN_UNUSED_FUNCTION = YES;
				GCC_WARN_UNUSED_VARIABLE = YES;
				IPHONEOS_DEPLOYMENT_TARGET = 11.1;
				MTL_ENABLE_DEBUG_INFO = NO;
				SDKROOT = iphoneos;
				SWIFT_OPTIMIZATION_LEVEL = "-Owholemodule";
				VALIDATE_PRODUCT = YES;
			};
			name = Release;
		};
		5DCC9ED41FCE45950056C3C7 /* Debug */ = {
			isa = XCBuildConfiguration;
			baseConfigurationReference = D9B4BCF11AAC4C7E9FB05E4D /* Pods-BabyCustomEnterPassWord.debug.xcconfig */;
			buildSettings = {
				ASSETCATALOG_COMPILER_APPICON_NAME = AppIcon;
				CODE_SIGN_STYLE = Automatic;
				INFOPLIST_FILE = BabyCustomEnterPassWord/Main/Info.plist;
				LD_RUNPATH_SEARCH_PATHS = "$(inherited) @executable_path/Frameworks";
				PRODUCT_BUNDLE_IDENTIFIER = BabyShuang.XYZ.BabyCustomEnterPassWord;
				PRODUCT_NAME = "$(TARGET_NAME)";
				SWIFT_VERSION = 3.0;
				TARGETED_DEVICE_FAMILY = "1,2";
			};
			name = Debug;
		};
		5DCC9ED51FCE45950056C3C7 /* Release */ = {
			isa = XCBuildConfiguration;
			baseConfigurationReference = 813532C8136CFCA7F979CFBE /* Pods-BabyCustomEnterPassWord.release.xcconfig */;
			buildSettings = {
				ASSETCATALOG_COMPILER_APPICON_NAME = AppIcon;
				CODE_SIGN_STYLE = Automatic;
				INFOPLIST_FILE = BabyCustomEnterPassWord/Main/Info.plist;
				LD_RUNPATH_SEARCH_PATHS = "$(inherited) @executable_path/Frameworks";
				PRODUCT_BUNDLE_IDENTIFIER = BabyShuang.XYZ.BabyCustomEnterPassWord;
				PRODUCT_NAME = "$(TARGET_NAME)";
				SWIFT_VERSION = 3.0;
				TARGETED_DEVICE_FAMILY = "1,2";
			};
			name = Release;
		};
/* End XCBuildConfiguration section */

/* Begin XCConfigurationList section */
		5DCC9EBC1FCE45950056C3C7 /* Build configuration list for PBXProject "BabyCustomEnterPassWord" */ = {
			isa = XCConfigurationList;
			buildConfigurations = (
				5DCC9ED11FCE45950056C3C7 /* Debug */,
				5DCC9ED21FCE45950056C3C7 /* Release */,
			);
			defaultConfigurationIsVisible = 0;
			defaultConfigurationName = Release;
		};
		5DCC9ED31FCE45950056C3C7 /* Build configuration list for PBXNativeTarget "BabyCustomEnterPassWord" */ = {
			isa = XCConfigurationList;
			buildConfigurations = (
				5DCC9ED41FCE45950056C3C7 /* Debug */,
				5DCC9ED51FCE45950056C3C7 /* Release */,
			);
			defaultConfigurationIsVisible = 0;
			defaultConfigurationName = Release;
		};
/* End XCConfigurationList section */
	};
	rootObject = 5DCC9EB91FCE45950056C3C7 /* Project object */;
}
